// !$*UTF8*$!
{
	archiveVersion = 1;
	classes = {
	};
	objectVersion = 46;
	objects = {

/* Begin PBXBuildFile section */
		BE82A95A964CD94515031C97 /* Pods_Sockets.framework in Frameworks */ = {isa = PBXBuildFile; fileRef = 7A7B46FA6BBB53ED9A19F928 /* Pods_Sockets.framework */; };
		CBFA247E1E3D8F1B008A4820 /* AppDelegate.swift in Sources */ = {isa = PBXBuildFile; fileRef = CBFA247D1E3D8F1B008A4820 /* AppDelegate.swift */; };
		CBFA24801E3D8F1B008A4820 /* ViewController.swift in Sources */ = {isa = PBXBuildFile; fileRef = CBFA247F1E3D8F1B008A4820 /* ViewController.swift */; };
		CBFA24831E3D8F1B008A4820 /* Main.storyboard in Resources */ = {isa = PBXBuildFile; fileRef = CBFA24811E3D8F1B008A4820 /* Main.storyboard */; };
		CBFA24851E3D8F1B008A4820 /* Assets.xcassets in Resources */ = {isa = PBXBuildFile; fileRef = CBFA24841E3D8F1B008A4820 /* Assets.xcassets */; };
		CBFA24881E3D8F1B008A4820 /* LaunchScreen.storyboard in Resources */ = {isa = PBXBuildFile; fileRef = CBFA24861E3D8F1B008A4820 /* LaunchScreen.storyboard */; };
/* End PBXBuildFile section */

/* Begin PBXFileReference section */
		03D9956DE3544FB54399BA27 /* Pods-Sockets.release.xcconfig */ = {isa = PBXFileReference; includeInIndex = 1; lastKnownFileType = text.xcconfig; name = "Pods-Sockets.release.xcconfig"; path = "Pods/Target Support Files/Pods-Sockets/Pods-Sockets.release.xcconfig"; sourceTree = "<group>"; };
		7A7B46FA6BBB53ED9A19F928 /* Pods_Sockets.framework */ = {isa = PBXFileReference; explicitFileType = wrapper.framework; includeInIndex = 0; path = Pods_Sockets.framework; sourceTree = BUILT_PRODUCTS_DIR; };
		BA20CD6FCFE58F0FE3B1EAC8 /* Pods-Sockets.debug.xcconfig */ = {isa = PBXFileReference; includeInIndex = 1; lastKnownFileType = text.xcconfig; name = "Pods-Sockets.debug.xcconfig"; path = "Pods/Target Support Files/Pods-Sockets/Pods-Sockets.debug.xcconfig"; sourceTree = "<group>"; };
		CBFA247A1E3D8F1B008A4820 /* Sockets.app */ = {isa = PBXFileReference; explicitFileType = wrapper.application; includeInIndex = 0; path = Sockets.app; sourceTree = BUILT_PRODUCTS_DIR; };
		CBFA247D1E3D8F1B008A4820 /* AppDelegate.swift */ = {isa = PBXFileReference; lastKnownFileType = sourcecode.swift; path = AppDelegate.swift; sourceTree = "<group>"; };
		CBFA247F1E3D8F1B008A4820 /* ViewController.swift */ = {isa = PBXFileReference; lastKnownFileType = sourcecode.swift; path = ViewController.swift; sourceTree = "<group>"; };
		CBFA24821E3D8F1B008A4820 /* Base */ = {isa = PBXFileReference; lastKnownFileType = file.storyboard; name = Base; path = Base.lproj/Main.storyboard; sourceTree = "<group>"; };
		CBFA24841E3D8F1B008A4820 /* Assets.xcassets */ = {isa = PBXFileReference; lastKnownFileType = folder.assetcatalog; path = Assets.xcassets; sourceTree = "<group>"; };
		CBFA24871E3D8F1B008A4820 /* Base */ = {isa = PBXFileReference; lastKnownFileType = file.storyboard; name = Base; path = Base.lproj/LaunchScreen.storyboard; sourceTree = "<group>"; };
		CBFA24891E3D8F1B008A4820 /* Info.plist */ = {isa = PBXFileReference; lastKnownFileType = text.plist.xml; path = Info.plist; sourceTree = "<group>"; };
/* End PBXFileReference section */

/* Begin PBXFrameworksBuildPhase section */
		CBFA24771E3D8F1B008A4820 /* Frameworks */ = {
			isa = PBXFrameworksBuildPhase;
			buildActionMask = 2147483647;
			files = (
				BE82A95A964CD94515031C97 /* Pods_Sockets.framework in Frameworks */,
			);
			runOnlyForDeploymentPostprocessing = 0;
		};
/* End PBXFrameworksBuildPhase section */

/* Begin PBXGroup section */
		6F7ABCF36E3445D228577AB6 /* Pods */ = {
			isa = PBXGroup;
			children = (
				BA20CD6FCFE58F0FE3B1EAC8 /* Pods-Sockets.debug.xcconfig */,
				03D9956DE3544FB54399BA27 /* Pods-Sockets.release.xcconfig */,
			);
			name = Pods;
			sourceTree = "<group>";
		};
		CBFA24711E3D8F1B008A4820 = {
			isa = PBXGroup;
			children = (
				CBFA247C1E3D8F1B008A4820 /* Sockets */,
				CBFA247B1E3D8F1B008A4820 /* Products */,
				6F7ABCF36E3445D228577AB6 /* Pods */,
				CD60928F356F2FF085AEA4BA /* Frameworks */,
			);
			sourceTree = "<group>";
		};
		CBFA247B1E3D8F1B008A4820 /* Products */ = {
			isa = PBXGroup;
			children = (
				CBFA247A1E3D8F1B008A4820 /* Sockets.app */,
			);
			name = Products;
			sourceTree = "<group>";
		};
		CBFA247C1E3D8F1B008A4820 /* Sockets */ = {
			isa = PBXGroup;
			children = (
				CBFA247D1E3D8F1B008A4820 /* AppDelegate.swift */,
				CBFA247F1E3D8F1B008A4820 /* ViewController.swift */,
				CBFA24811E3D8F1B008A4820 /* Main.storyboard */,
				CBFA24841E3D8F1B008A4820 /* Assets.xcassets */,
				CBFA24861E3D8F1B008A4820 /* LaunchScreen.storyboard */,
				CBFA24891E3D8F1B008A4820 /* Info.plist */,
			);
			path = Sockets;
			sourceTree = "<group>";
		};
		CD60928F356F2FF085AEA4BA /* Frameworks */ = {
			isa = PBXGroup;
			children = (
				7A7B46FA6BBB53ED9A19F928 /* Pods_Sockets.framework */,
			);
			name = Frameworks;
			sourceTree = "<group>";
		};
/* End PBXGroup section */

/* Begin PBXNativeTarget section */
		CBFA24791E3D8F1B008A4820 /* Sockets */ = {
			isa = PBXNativeTarget;
			buildConfigurationList = CBFA248C1E3D8F1B008A4820 /* Build configuration list for PBXNativeTarget "Sockets" */;
			buildPhases = (
				42F572543145FF28A6F59DCB /* [CP] Check Pods Manifest.lock */,
				CBFA24761E3D8F1B008A4820 /* Sources */,
				CBFA24771E3D8F1B008A4820 /* Frameworks */,
				CBFA24781E3D8F1B008A4820 /* Resources */,
				D6096A0DBDEB7C91D40CCBFA /* [CP] Embed Pods Frameworks */,
				F51A09A514B2FCB33D2DE8A4 /* [CP] Copy Pods Resources */,
			);
			buildRules = (
			);
			dependencies = (
			);
			name = Sockets;
			productName = Sockets;
			productReference = CBFA247A1E3D8F1B008A4820 /* Sockets.app */;
			productType = "com.apple.product-type.application";
		};
/* End PBXNativeTarget section */

/* Begin PBXProject section */
		CBFA24721E3D8F1B008A4820 /* Project object */ = {
			isa = PBXProject;
			attributes = {
				LastSwiftUpdateCheck = 0820;
				LastUpgradeCheck = 0820;
				ORGANIZATIONNAME = "Cassie Sandquist";
				TargetAttributes = {
					CBFA24791E3D8F1B008A4820 = {
						CreatedOnToolsVersion = 8.2.1;
						DevelopmentTeam = M5SD2YQ3QM;
						ProvisioningStyle = Automatic;
					};
				};
			};
			buildConfigurationList = CBFA24751E3D8F1B008A4820 /* Build configuration list for PBXProject "Sockets" */;
			compatibilityVersion = "Xcode 3.2";
			developmentRegion = English;
			hasScannedForEncodings = 0;
			knownRegions = (
				en,
				Base,
			);
			mainGroup = CBFA24711E3D8F1B008A4820;
			productRefGroup = CBFA247B1E3D8F1B008A4820 /* Products */;
			projectDirPath = "";
			projectRoot = "";
			targets = (
				CBFA24791E3D8F1B008A4820 /* Sockets */,
			);
		};
/* End PBXProject section */

/* Begin PBXResourcesBuildPhase section */
		CBFA24781E3D8F1B008A4820 /* Resources */ = {
			isa = PBXResourcesBuildPhase;
			buildActionMask = 2147483647;
			files = (
				CBFA24881E3D8F1B008A4820 /* LaunchScreen.storyboard in Resources */,
				CBFA24851E3D8F1B008A4820 /* Assets.xcassets in Resources */,
				CBFA24831E3D8F1B008A4820 /* Main.storyboard in Resources */,
			);
			runOnlyForDeploymentPostprocessing = 0;
		};
/* End PBXResourcesBuildPhase section */

/* Begin PBXShellScriptBuildPhase section */
		42F572543145FF28A6F59DCB /* [CP] Check Pods Manifest.lock */ = {
			isa = PBXShellScriptBuildPhase;
			buildActionMask = 2147483647;
			files = (
			);
			inputPaths = (
			);
			name = "[CP] Check Pods Manifest.lock";
			outputPaths = (
			);
			runOnlyForDeploymentPostprocessing = 0;
			shellPath = /bin/sh;
			shellScript = "diff \"${PODS_ROOT}/../Podfile.lock\" \"${PODS_ROOT}/Manifest.lock\" > /dev/null\nif [ $? != 0 ] ; then\n    # print error to STDERR\n    echo \"error: The sandbox is not in sync with the Podfile.lock. Run 'pod install' or update your CocoaPods installation.\" >&2\n    exit 1\nfi\n";
			showEnvVarsInLog = 0;
		};
		D6096A0DBDEB7C91D40CCBFA /* [CP] Embed Pods Frameworks */ = {
			isa = PBXShellScriptBuildPhase;
			buildActionMask = 2147483647;
			files = (
			);
			inputPaths = (
			);
			name = "[CP] Embed Pods Frameworks";
			outputPaths = (
			);
			runOnlyForDeploymentPostprocessing = 0;
			shellPath = /bin/sh;
			shellScript = "\"${SRCROOT}/Pods/Target Support Files/Pods-Sockets/Pods-Sockets-frameworks.sh\"\n";
			showEnvVarsInLog = 0;
		};
		F51A09A514B2FCB33D2DE8A4 /* [CP] Copy Pods Resources */ = {
			isa = PBXShellScriptBuildPhase;
			buildActionMask = 2147483647;
			files = (
			);
			inputPaths = (
			);
			name = "[CP] Copy Pods Resources";
			outputPaths = (
			);
			runOnlyForDeploymentPostprocessing = 0;
			shellPath = /bin/sh;
			shellScript = "\"${SRCROOT}/Pods/Target Support Files/Pods-Sockets/Pods-Sockets-resources.sh\"\n";
			showEnvVarsInLog = 0;
		};
/* End PBXShellScriptBuildPhase section */

/* Begin PBXSourcesBuildPhase section */
		CBFA24761E3D8F1B008A4820 /* Sources */ = {
			isa = PBXSourcesBuildPhase;
			buildActionMask = 2147483647;
			files = (
				CBFA24801E3D8F1B008A4820 /* ViewController.swift in Sources */,
				CBFA247E1E3D8F1B008A4820 /* AppDelegate.swift in Sources */,
			);
			runOnlyForDeploymentPostprocessing = 0;
		};
/* End PBXSourcesBuildPhase section */

/* Begin PBXVariantGroup section */
		CBFA24811E3D8F1B008A4820 /* Main.storyboard */ = {
			isa = PBXVariantGroup;
			children = (
				CBFA24821E3D8F1B008A4820 /* Base */,
			);
			name = Main.storyboard;
			sourceTree = "<group>";
		};
		CBFA24861E3D8F1B008A4820 /* LaunchScreen.storyboard */ = {
			isa = PBXVariantGroup;
			children = (
				CBFA24871E3D8F1B008A4820 /* Base */,
			);
			name = LaunchScreen.storyboard;
			sourceTree = "<group>";
		};
/* End PBXVariantGroup section */

/* Begin XCBuildConfiguration section */
		CBFA248A1E3D8F1B008A4820 /* Debug */ = {
			isa = XCBuildConfiguration;
			buildSettings = {
				ALWAYS_SEARCH_USER_PATHS = NO;
				CLANG_ANALYZER_NONNULL = YES;
				CLANG_CXX_LANGUAGE_STANDARD = "gnu++0x";
				CLANG_CXX_LIBRARY = "libc++";
				CLANG_ENABLE_MODULES = YES;
				CLANG_ENABLE_OBJC_ARC = YES;
				CLANG_WARN_BOOL_CONVERSION = YES;
				CLANG_WARN_CONSTANT_CONVERSION = YES;
				CLANG_WARN_DIRECT_OBJC_ISA_USAGE = YES_ERROR;
				CLANG_WARN_DOCUMENTATION_COMMENTS = YES;
				CLANG_WARN_EMPTY_BODY = YES;
				CLANG_WARN_ENUM_CONVERSION = YES;
				CLANG_WARN_INFINITE_RECURSION = YES;
				CLANG_WARN_INT_CONVERSION = YES;
				CLANG_WARN_OBJC_ROOT_CLASS = YES_ERROR;
				CLANG_WARN_SUSPICIOUS_MOVE = YES;
				CLANG_WARN_UNREACHABLE_CODE = YES;
				CLANG_WARN__DUPLICATE_METHOD_MATCH = YES;
				"CODE_SIGN_IDENTITY[sdk=iphoneos*]" = "iPhone Developer";
				COPY_PHASE_STRIP = NO;
				DEBUG_INFORMATION_FORMAT = dwarf;
				ENABLE_STRICT_OBJC_MSGSEND = YES;
				ENABLE_TESTABILITY = YES;
				GCC_C_LANGUAGE_STANDARD = gnu99;
				GCC_DYNAMIC_NO_PIC = NO;
				GCC_NO_COMMON_BLOCKS = YES;
				GCC_OPTIMIZATION_LEVEL = 0;
				GCC_PREPROCESSOR_DEFINITIONS = (
					"DEBUG=1",
					"$(inherited)",
				);
				GCC_WARN_64_TO_32_BIT_CONVERSION = YES;
				GCC_WARN_ABOUT_RETURN_TYPE = YES_ERROR;
				GCC_WARN_UNDECLARED_SELECTOR = YES;
				GCC_WARN_UNINITIALIZED_AUTOS = YES_AGGRESSIVE;
				GCC_WARN_UNUSED_FUNCTION = YES;
				GCC_WARN_UNUSED_VARIABLE = YES;
				IPHONEOS_DEPLOYMENT_TARGET = 10.2;
				MTL_ENABLE_DEBUG_INFO = YES;
				ONLY_ACTIVE_ARCH = YES;
				SDKROOT = iphoneos;
				SWIFT_ACTIVE_COMPILATION_CONDITIONS = DEBUG;
				SWIFT_OPTIMIZATION_LEVEL = "-Onone";
				TARGETED_DEVICE_FAMILY = "1,2";
			};
			name = Debug;
		};
		CBFA248B1E3D8F1B008A4820 /* Release */ = {
			isa = XCBuildConfiguration;
			buildSettings = {
				ALWAYS_SEARCH_USER_PATHS = NO;
				CLANG_ANALYZER_NONNULL = YES;
				CLANG_CXX_LANGUAGE_STANDARD = "gnu++0x";
				CLANG_CXX_LIBRARY = "libc++";
				CLANG_ENABLE_MODULES = YES;
				CLANG_ENABLE_OBJC_ARC = YES;
				CLANG_WARN_BOOL_CONVERSION = YES;
				CLANG_WARN_CONSTANT_CONVERSION = YES;
				CLANG_WARN_DIRECT_OBJC_ISA_USAGE = YES_ERROR;
				CLANG_WARN_DOCUMENTATION_COMMENTS = YES;
				CLANG_WARN_EMPTY_BODY = YES;
				CLANG_WARN_ENUM_CONVERSION = YES;
				CLANG_WARN_INFINITE_RECURSION = YES;
				CLANG_WARN_INT_CONVERSION = YES;
				CLANG_WARN_OBJC_ROOT_CLASS = YES_ERROR;
				CLANG_WARN_SUSPICIOUS_MOVE = YES;
				CLANG_WARN_UNREACHABLE_CODE = YES;
				CLANG_WARN__DUPLICATE_METHOD_MATCH = YES;
				"CODE_SIGN_IDENTITY[sdk=iphoneos*]" = "iPhone Developer";
				COPY_PHASE_STRIP = NO;
				DEBUG_INFORMATION_FORMAT = "dwarf-with-dsym";
				ENABLE_NS_ASSERTIONS = NO;
				ENABLE_STRICT_OBJC_MSGSEND = YES;
				GCC_C_LANGUAGE_STANDARD = gnu99;
				GCC_NO_COMMON_BLOCKS = YES;
				GCC_WARN_64_TO_32_BIT_CONVERSION = YES;
				GCC_WARN_ABOUT_RETURN_TYPE = YES_ERROR;
				GCC_WARN_UNDECLARED_SELECTOR = YES;
				GCC_WARN_UNINITIALIZED_AUTOS = YES_AGGRESSIVE;
				GCC_WARN_UNUSED_FUNCTION = YES;
				GCC_WARN_UNUSED_VARIABLE = YES;
				IPHONEOS_DEPLOYMENT_TARGET = 10.2;
				MTL_ENABLE_DEBUG_INFO = NO;
				SDKROOT = iphoneos;
				SWIFT_OPTIMIZATION_LEVEL = "-Owholemodule";
				TARGETED_DEVICE_FAMILY = "1,2";
				VALIDATE_PRODUCT = YES;
			};
			name = Release;
		};
		CBFA248D1E3D8F1B008A4820 /* Debug */ = {
			isa = XCBuildConfiguration;
			baseConfigurationReference = BA20CD6FCFE58F0FE3B1EAC8 /* Pods-Sockets.debug.xcconfig */;
			buildSettings = {
				ASSETCATALOG_COMPILER_APPICON_NAME = AppIcon;
				DEVELOPMENT_TEAM = M5SD2YQ3QM;
				INFOPLIST_FILE = Sockets/Info.plist;
				LD_RUNPATH_SEARCH_PATHS = "$(inherited) @executable_path/Frameworks";
				PRODUCT_BUNDLE_IDENTIFIER = edu.self.robotwholearned.Sockets;
				PRODUCT_NAME = "$(TARGET_NAME)";
				SWIFT_VERSION = 3.0;
			};
			name = Debug;
		};
		CBFA248E1E3D8F1B008A4820 /* Release */ = {
			isa = XCBuildConfiguration;
			baseConfigurationReference = 03D9956DE3544FB54399BA27 /* Pods-Sockets.release.xcconfig */;
			buildSettings = {
				ASSETCATALOG_COMPILER_APPICON_NAME = AppIcon;
				DEVELOPMENT_TEAM = M5SD2YQ3QM;
				INFOPLIST_FILE = Sockets/Info.plist;
				LD_RUNPATH_SEARCH_PATHS = "$(inherited) @executable_path/Frameworks";
				PRODUCT_BUNDLE_IDENTIFIER = edu.self.robotwholearned.Sockets;
				PRODUCT_NAME = "$(TARGET_NAME)";
				SWIFT_VERSION = 3.0;
			};
			name = Release;
		};
/* End XCBuildConfiguration section */

/* Begin XCConfigurationList section */
		CBFA24751E3D8F1B008A4820 /* Build configuration list for PBXProject "Sockets" */ = {
			isa = XCConfigurationList;
			buildConfigurations = (
				CBFA248A1E3D8F1B008A4820 /* Debug */,
				CBFA248B1E3D8F1B008A4820 /* Release */,
			);
			defaultConfigurationIsVisible = 0;
			defaultConfigurationName = Release;
		};
		CBFA248C1E3D8F1B008A4820 /* Build configuration list for PBXNativeTarget "Sockets" */ = {
			isa = XCConfigurationList;
			buildConfigurations = (
				CBFA248D1E3D8F1B008A4820 /* Debug */,
				CBFA248E1E3D8F1B008A4820 /* Release */,
			);
			defaultConfigurationIsVisible = 0;
		};
/* End XCConfigurationList section */
	};
	rootObject = CBFA24721E3D8F1B008A4820 /* Project object */;
}
